
Microsoft Visual Studio Solution File, Format Version 12.00
# Visual Studio 2017
Project("{FAE04EC0-301F-11D3-BF4B-00C04F79EFBC}") = "web-rtc-test", "web-rtc-test.csproj", "{D523362A-3497-4C26-5CDB-34C58884F8DB}"
EndProject
Global
	GlobalSection(SolutionConfigurationPlatforms) = preSolution
		Debug|Any CPU = Debug|Any CPU
		Release|Any CPU = Release|Any CPU
	EndGlobalSection
	GlobalSection(ProjectConfigurationPlatforms) = postSolution
		{D523362A-3497-4C26-5CDB-34C58884F8DB}.Debug|Any CPU.ActiveCfg = Debug|Any CPU
		{D523362A-3497-4C26-5CDB-34C58884F8DB}.Debug|Any CPU.Build.0 = Debug|Any CPU
		{D523362A-3497-4C26-5CDB-34C58884F8DB}.Release|Any CPU.ActiveCfg = Release|Any CPU
		{D523362A-3497-4C26-5CDB-34C58884F8DB}.Release|Any CPU.Build.0 = Release|Any CPU
	EndGlobalSection
	GlobalSection(SolutionProperties) = preSolution
		HideSolutionNode = FALSE
	EndGlobalSection
EndGlobal
