
Microsoft Visual Studio Solution File, Format Version 12.00
# Visual Studio 2017
Project("{FAE04EC0-301F-11D3-BF4B-00C04F79EFBC}") = "web-rtc-test-latest", "web-rtc-test-latest.csproj", "{0C3E3707-D71A-CAA1-DB19-669192E77C0F}"
EndProject
Global
	GlobalSection(SolutionConfigurationPlatforms) = preSolution
		Debug|Any CPU = Debug|Any CPU
		Release|Any CPU = Release|Any CPU
	EndGlobalSection
	GlobalSection(ProjectConfigurationPlatforms) = postSolution
		{0C3E3707-D71A-CAA1-DB19-669192E77C0F}.Debug|Any CPU.ActiveCfg = Debug|Any CPU
		{0C3E3707-D71A-CAA1-DB19-669192E77C0F}.Debug|Any CPU.Build.0 = Debug|Any CPU
		{0C3E3707-D71A-CAA1-DB19-669192E77C0F}.Release|Any CPU.ActiveCfg = Release|Any CPU
		{0C3E3707-D71A-CAA1-DB19-669192E77C0F}.Release|Any CPU.Build.0 = Release|Any CPU
	EndGlobalSection
	GlobalSection(SolutionProperties) = preSolution
		HideSolutionNode = FALSE
	EndGlobalSection
EndGlobal
